
Microsoft Visual Studio Solution File, Format Version 12.00
# Visual Studio 14
VisualStudioVersion = 14.0.25420.1
MinimumVisualStudioVersion = 10.0.40219.1
Project("{FAE04EC0-301F-11D3-BF4B-00C04F79EFBC}") = "AdvertBoard", "AdvertBoard\AdvertBoard.csproj", "{11655A7B-BC39-4A5C-9F30-AB3870D8EF16}"
EndProject
Project("{2150E333-8FDC-42A3-9474-1A3956D46DE8}") = "DAL", "DAL", "{53814023-5A25-423D-99FD-2E688EE957D6}"
EndProject
Project("{2150E333-8FDC-42A3-9474-1A3956D46DE8}") = "BLL", "BLL", "{8C97D42C-5AFD-47B8-BB17-A501934A0997}"
EndProject
Project("{FAE04EC0-301F-11D3-BF4B-00C04F79EFBC}") = "BusinessLogic.AppServices", "BusinessLogic.AppServices\BusinessLogic.AppServices.csproj", "{AE30E17A-1600-4B33-83F9-7935605C2E90}"
EndProject
Project("{FAE04EC0-301F-11D3-BF4B-00C04F79EFBC}") = "DataAccess.Domain", "DataAccess.Domain\DataAccess.Domain.csproj", "{ACA21CDD-5CD2-4CBE-B1EB-D4C80EA94255}"
EndProject
Project("{FAE04EC0-301F-11D3-BF4B-00C04F79EFBC}") = "DataAccess.Abstraction", "DataAccess.Abstraction\DataAccess.Abstraction.csproj", "{9FCD9123-19B5-4E01-B6D4-52E931A3CB26}"
EndProject
Project("{FAE04EC0-301F-11D3-BF4B-00C04F79EFBC}") = "DataAccess.EntityFramework", "DataAccess.EntityFramework\DataAccess.EntityFramework.csproj", "{9D2B847D-2FAA-4FA8-9E0D-CD4BC0133688}"
EndProject
Project("{FAE04EC0-301F-11D3-BF4B-00C04F79EFBC}") = "BusinessLogic.Model", "BusinessLogic.Model\BusinessLogic.Model.csproj", "{36539192-5E7D-4AA9-A430-7F3E534B182C}"
EndProject
Project("{2150E333-8FDC-42A3-9474-1A3956D46DE8}") = "Infrastructure", "Infrastructure", "{FE0C3633-83E1-4F7E-9EDE-C6592234C377}"
EndProject
Project("{FAE04EC0-301F-11D3-BF4B-00C04F79EFBC}") = "IoC", "IoC\IoC.csproj", "{AC4962B1-643D-4906-A42F-218E781F02A2}"
EndProject
Project("{2150E333-8FDC-42A3-9474-1A3956D46DE8}") = "Tests", "Tests", "{BDA5BFFD-34E5-4D75-BA18-C5A7FD03880B}"
EndProject
Project("{FAE04EC0-301F-11D3-BF4B-00C04F79EFBC}") = "AdvertBoard.Tests", "AdvertBoard.Tests\AdvertBoard.Tests.csproj", "{E0954FE9-8A4F-454C-BD11-47E359A9845E}"
EndProject
Project("{FAE04EC0-301F-11D3-BF4B-00C04F79EFBC}") = "AdvertBoardUI", "AdvertBoardUI\AdvertBoardUI.csproj", "{FA5884E5-9B60-452E-B3F8-FB8EA4A346DB}"
EndProject
Project("{2150E333-8FDC-42A3-9474-1A3956D46DE8}") = "Common", "Common", "{8F25FD6D-3CDA-4393-88FE-5C6D132AA13B}"
EndProject
Project("{FAE04EC0-301F-11D3-BF4B-00C04F79EFBC}") = "Common", "Common\Common.csproj", "{B3E2E297-1C0C-4A8A-91B2-0783FEE4199B}"
EndProject
Project("{FAE04EC0-301F-11D3-BF4B-00C04F79EFBC}") = "CommonContainer", "GlobalContainerInitializer\CommonContainer.csproj", "{04DA1C22-ED29-41CF-AF32-991DAA1F604B}"
EndProject
Global
	GlobalSection(SolutionConfigurationPlatforms) = preSolution
		Debug|Any CPU = Debug|Any CPU
		Release|Any CPU = Release|Any CPU
	EndGlobalSection
	GlobalSection(ProjectConfigurationPlatforms) = postSolution
		{11655A7B-BC39-4A5C-9F30-AB3870D8EF16}.Debug|Any CPU.ActiveCfg = Debug|Any CPU
		{11655A7B-BC39-4A5C-9F30-AB3870D8EF16}.Debug|Any CPU.Build.0 = Debug|Any CPU
		{11655A7B-BC39-4A5C-9F30-AB3870D8EF16}.Release|Any CPU.ActiveCfg = Release|Any CPU
		{11655A7B-BC39-4A5C-9F30-AB3870D8EF16}.Release|Any CPU.Build.0 = Release|Any CPU
		{AE30E17A-1600-4B33-83F9-7935605C2E90}.Debug|Any CPU.ActiveCfg = Debug|Any CPU
		{AE30E17A-1600-4B33-83F9-7935605C2E90}.Debug|Any CPU.Build.0 = Debug|Any CPU
		{AE30E17A-1600-4B33-83F9-7935605C2E90}.Release|Any CPU.ActiveCfg = Release|Any CPU
		{AE30E17A-1600-4B33-83F9-7935605C2E90}.Release|Any CPU.Build.0 = Release|Any CPU
		{ACA21CDD-5CD2-4CBE-B1EB-D4C80EA94255}.Debug|Any CPU.ActiveCfg = Debug|Any CPU
		{ACA21CDD-5CD2-4CBE-B1EB-D4C80EA94255}.Debug|Any CPU.Build.0 = Debug|Any CPU
		{ACA21CDD-5CD2-4CBE-B1EB-D4C80EA94255}.Release|Any CPU.ActiveCfg = Release|Any CPU
		{ACA21CDD-5CD2-4CBE-B1EB-D4C80EA94255}.Release|Any CPU.Build.0 = Release|Any CPU
		{9FCD9123-19B5-4E01-B6D4-52E931A3CB26}.Debug|Any CPU.ActiveCfg = Debug|Any CPU
		{9FCD9123-19B5-4E01-B6D4-52E931A3CB26}.Debug|Any CPU.Build.0 = Debug|Any CPU
		{9FCD9123-19B5-4E01-B6D4-52E931A3CB26}.Release|Any CPU.ActiveCfg = Release|Any CPU
		{9FCD9123-19B5-4E01-B6D4-52E931A3CB26}.Release|Any CPU.Build.0 = Release|Any CPU
		{9D2B847D-2FAA-4FA8-9E0D-CD4BC0133688}.Debug|Any CPU.ActiveCfg = Debug|Any CPU
		{9D2B847D-2FAA-4FA8-9E0D-CD4BC0133688}.Debug|Any CPU.Build.0 = Debug|Any CPU
		{9D2B847D-2FAA-4FA8-9E0D-CD4BC0133688}.Release|Any CPU.ActiveCfg = Release|Any CPU
		{9D2B847D-2FAA-4FA8-9E0D-CD4BC0133688}.Release|Any CPU.Build.0 = Release|Any CPU
		{36539192-5E7D-4AA9-A430-7F3E534B182C}.Debug|Any CPU.ActiveCfg = Debug|Any CPU
		{36539192-5E7D-4AA9-A430-7F3E534B182C}.Debug|Any CPU.Build.0 = Debug|Any CPU
		{36539192-5E7D-4AA9-A430-7F3E534B182C}.Release|Any CPU.ActiveCfg = Release|Any CPU
		{36539192-5E7D-4AA9-A430-7F3E534B182C}.Release|Any CPU.Build.0 = Release|Any CPU
		{AC4962B1-643D-4906-A42F-218E781F02A2}.Debug|Any CPU.ActiveCfg = Debug|Any CPU
		{AC4962B1-643D-4906-A42F-218E781F02A2}.Debug|Any CPU.Build.0 = Debug|Any CPU
		{AC4962B1-643D-4906-A42F-218E781F02A2}.Release|Any CPU.ActiveCfg = Release|Any CPU
		{AC4962B1-643D-4906-A42F-218E781F02A2}.Release|Any CPU.Build.0 = Release|Any CPU
		{E0954FE9-8A4F-454C-BD11-47E359A9845E}.Debug|Any CPU.ActiveCfg = Debug|Any CPU
		{E0954FE9-8A4F-454C-BD11-47E359A9845E}.Debug|Any CPU.Build.0 = Debug|Any CPU
		{E0954FE9-8A4F-454C-BD11-47E359A9845E}.Release|Any CPU.ActiveCfg = Release|Any CPU
		{E0954FE9-8A4F-454C-BD11-47E359A9845E}.Release|Any CPU.Build.0 = Release|Any CPU
		{FA5884E5-9B60-452E-B3F8-FB8EA4A346DB}.Debug|Any CPU.ActiveCfg = Debug|Any CPU
		{FA5884E5-9B60-452E-B3F8-FB8EA4A346DB}.Debug|Any CPU.Build.0 = Debug|Any CPU
		{FA5884E5-9B60-452E-B3F8-FB8EA4A346DB}.Release|Any CPU.ActiveCfg = Release|Any CPU
		{FA5884E5-9B60-452E-B3F8-FB8EA4A346DB}.Release|Any CPU.Build.0 = Release|Any CPU
		{B3E2E297-1C0C-4A8A-91B2-0783FEE4199B}.Debug|Any CPU.ActiveCfg = Debug|Any CPU
		{B3E2E297-1C0C-4A8A-91B2-0783FEE4199B}.Debug|Any CPU.Build.0 = Debug|Any CPU
		{B3E2E297-1C0C-4A8A-91B2-0783FEE4199B}.Release|Any CPU.ActiveCfg = Release|Any CPU
		{B3E2E297-1C0C-4A8A-91B2-0783FEE4199B}.Release|Any CPU.Build.0 = Release|Any CPU
		{04DA1C22-ED29-41CF-AF32-991DAA1F604B}.Debug|Any CPU.ActiveCfg = Debug|Any CPU
		{04DA1C22-ED29-41CF-AF32-991DAA1F604B}.Debug|Any CPU.Build.0 = Debug|Any CPU
		{04DA1C22-ED29-41CF-AF32-991DAA1F604B}.Release|Any CPU.ActiveCfg = Release|Any CPU
		{04DA1C22-ED29-41CF-AF32-991DAA1F604B}.Release|Any CPU.Build.0 = Release|Any CPU
	EndGlobalSection
	GlobalSection(SolutionProperties) = preSolution
		HideSolutionNode = FALSE
	EndGlobalSection
	GlobalSection(NestedProjects) = preSolution
		{AE30E17A-1600-4B33-83F9-7935605C2E90} = {8C97D42C-5AFD-47B8-BB17-A501934A0997}
		{ACA21CDD-5CD2-4CBE-B1EB-D4C80EA94255} = {53814023-5A25-423D-99FD-2E688EE957D6}
		{9FCD9123-19B5-4E01-B6D4-52E931A3CB26} = {53814023-5A25-423D-99FD-2E688EE957D6}
		{9D2B847D-2FAA-4FA8-9E0D-CD4BC0133688} = {53814023-5A25-423D-99FD-2E688EE957D6}
		{36539192-5E7D-4AA9-A430-7F3E534B182C} = {8C97D42C-5AFD-47B8-BB17-A501934A0997}
		{AC4962B1-643D-4906-A42F-218E781F02A2} = {FE0C3633-83E1-4F7E-9EDE-C6592234C377}
		{E0954FE9-8A4F-454C-BD11-47E359A9845E} = {BDA5BFFD-34E5-4D75-BA18-C5A7FD03880B}
		{B3E2E297-1C0C-4A8A-91B2-0783FEE4199B} = {8F25FD6D-3CDA-4393-88FE-5C6D132AA13B}
		{04DA1C22-ED29-41CF-AF32-991DAA1F604B} = {FE0C3633-83E1-4F7E-9EDE-C6592234C377}
	EndGlobalSection
	GlobalSection(ExtensibilityGlobals) = postSolution
		SolutionGuid = {911DE070-7E49-4081-8AE2-53841E1B44ED}
	EndGlobalSection
EndGlobal
